{
  "name": "stream-json",
  "version": "2.0.0",
  "lockfileVersion": 3,
  "requires": true,
  "packages": {
    "": {
      "name": "stream-json",
      "version": "2.0.0",
      "license": "BSD-3-Clause",
      "dependencies": {
        "stream-chain": "^3.3.2"
      },
      "devDependencies": {
        "@types/node": "^22.8.1",
        "nano-benchmark": "^1.0.4",
        "tape-six": "^1.0.2",
        "tape-six-proc": "^1.0.0",
        "typescript": "^5.6.3"
      },
      "funding": {
        "url": "https://github.com/sponsors/uhop"
      }
    },
    "node_modules/@types/node": {
      "version": "22.8.1",
      "resolved": "https://registry.npmjs.org/@types/node/-/node-22.8.1.tgz",
      "integrity": "sha512-k6Gi8Yyo8EtrNtkHXutUu2corfDf9su95VYVP10aGYMMROM6SAItZi0w1XszA6RtWTHSVp5OeFof37w0IEqCQg==",
      "dev": true,
      "dependencies": {
        "undici-types": "~6.19.8"
      }
    },
    "node_modules/commander": {
      "version": "12.1.0",
      "resolved": "https://registry.npmjs.org/commander/-/commander-12.1.0.tgz",
      "integrity": "sha512-Vw8qHK3bZM9y/P10u3Vib8o/DdkvA2OtPtZvD871QKjy74Wj1WSKFILMPRPSdUSx5RFK1arlJzEtA4PkFgnbuA==",
      "dev": true,
      "license": "MIT",
      "engines": {
        "node": ">=18"
      }
    },
    "node_modules/console-toolkit": {
      "version": "1.2.3",
      "resolved": "https://registry.npmjs.org/console-toolkit/-/console-toolkit-1.2.3.tgz",
      "integrity": "sha512-5VlMMpWg/UPrs5eBKZxEhizrhhpuEjh50LZB8dIC+TItbEhqdE2SwMJ4YveCQY/b+O9QjCI9TN3GndeXpaNkRA==",
      "dev": true,
      "license": "BSD-3-Clause",
      "funding": {
        "type": "github",
        "url": "https://github.com/sponsors/uhop"
      }
    },
    "node_modules/dollar-shell": {
      "version": "1.1.0",
      "resolved": "https://registry.npmjs.org/dollar-shell/-/dollar-shell-1.1.0.tgz",
      "integrity": "sha512-cCXCWPORpf4HsIy81KtwamKk8kZJONB6WRBSrRVaMKJnxqCABpuvopYlUN/VMIsX90u4IQuEZ3uvk0AA5aik7g==",
      "dev": true,
      "license": "BSD-3-Clause",
      "funding": {
        "type": "github",
        "url": "https://github.com/sponsors/uhop"
      }
    },
    "node_modules/nano-benchmark": {
      "version": "1.0.4",
      "resolved": "https://registry.npmjs.org/nano-benchmark/-/nano-benchmark-1.0.4.tgz",
      "integrity": "sha512-6APzH7IHe1D2hQcDxCgslttsgRWvKFyRedDETB7byxq4oNYEAj44XePZmVnlVEBuU8pVa26ZIxNjYjnm9al/Qg==",
      "dev": true,
      "license": "BSD-3-Clause",
      "dependencies": {
        "commander": "^12.1.0",
        "console-toolkit": "^1.2.3"
      },
      "bin": {
        "nano-bench": "bin/nano-bench.js",
        "nano-watch": "bin/nano-watch.js"
      },
      "funding": {
        "type": "github",
        "url": "https://github.com/sponsors/uhop"
      }
    },
    "node_modules/stream-chain": {
      "version": "3.3.2",
      "resolved": "https://registry.npmjs.org/stream-chain/-/stream-chain-3.3.2.tgz",
      "integrity": "sha512-YvRznt2X9tLSQlQXkYxp9FGcp6uUwBG9VAyjgo53Ov+Ctk36R49xB6NUia37T7owHyi3UtvI6achAj4ufBSaNg==",
      "license": "BSD-3-Clause",
      "funding": {
        "url": "https://github.com/sponsors/uhop"
      }
    },
    "node_modules/tape-six": {
      "version": "1.0.2",
      "resolved": "https://registry.npmjs.org/tape-six/-/tape-six-1.0.2.tgz",
      "integrity": "sha512-qEGJz5AkvG5p3PKwzRUR6tG20zn8Q9CAh0ZtGMh1PVuVBaOhaRRt9H88nlITurHxTZ8D6KvtUE/U7pOH9HFkaA==",
      "dev": true,
      "license": "BSD-3-Clause",
      "bin": {
        "tape6": "bin/tape6.js",
        "tape6-bun": "bin/tape6-bun.js",
        "tape6-deno": "bin/tape6-deno.js",
        "tape6-runner": "bin/tape6-runner.js",
        "tape6-server": "bin/tape6-server.js"
      },
      "funding": {
        "url": "https://github.com/sponsors/uhop"
      }
    },
    "node_modules/tape-six-proc": {
      "version": "1.0.0",
      "resolved": "https://registry.npmjs.org/tape-six-proc/-/tape-six-proc-1.0.0.tgz",
      "integrity": "sha512-SXfYlfDDcwfKIDuLO/EWNlsCSC0JLc4wePGEE6B0gl50adWXLN88QH2O/pINcyS6z8HvZiNAz1TY/5h9kAoGJA==",
      "dev": true,
      "license": "BSD-3-Clause",
      "dependencies": {
        "dollar-shell": "^1.1.0",
        "tape-six": "^1.0.2"
      },
      "bin": {
        "tape6-proc": "bin/tape6-proc.js"
      },
      "funding": {
        "url": "https://github.com/sponsors/uhop"
      }
    },
    "node_modules/typescript": {
      "version": "5.6.3",
      "resolved": "https://registry.npmjs.org/typescript/-/typescript-5.6.3.tgz",
      "integrity": "sha512-hjcS1mhfuyi4WW8IWtjP7brDrG2cuDZukyrYrSauoXGNgx0S7zceP07adYkJycEr56BOUTNPzbInooiN3fn1qw==",
      "dev": true,
      "license": "Apache-2.0",
      "bin": {
        "tsc": "bin/tsc",
        "tsserver": "bin/tsserver"
      },
      "engines": {
        "node": ">=14.17"
      }
    },
    "node_modules/undici-types": {
      "version": "6.19.8",
      "resolved": "https://registry.npmjs.org/undici-types/-/undici-types-6.19.8.tgz",
      "integrity": "sha512-ve2KP6f/JnbPBFyobGHuerC9g1FYGn/F8n1LWTwNxCEzd6IfqTwUQcNXgEtmmQ6DlRrC1hrSrBnCZPokRrDHjw==",
      "dev": true,
      "license": "MIT"
    }
  }
}
