{
  "name": "stream-json",
  "version": "0.6.0",
  "lockfileVersion": 1,
  "requires": true,
  "dependencies": {
    "heya-ice": {
      "version": "0.1.11",
      "resolved": "https://registry.npmjs.org/heya-ice/-/heya-ice-0.1.11.tgz",
      "integrity": "sha1-XW2lnGC1nHAjqDRw+26XcddwWEk=",
      "dev": true
    },
    "heya-unify": {
      "version": "0.2.5",
      "resolved": "https://registry.npmjs.org/heya-unify/-/heya-unify-0.2.5.tgz",
      "integrity": "sha1-FsNP1CbETusy+JyrI02qrymvxJs=",
      "dev": true,
      "requires": {
        "heya-ice": "0.1.11"
      }
    },
    "heya-unit": {
      "version": "0.3.0",
      "resolved": "https://registry.npmjs.org/heya-unit/-/heya-unit-0.3.0.tgz",
      "integrity": "sha1-eXR4IIyBnUxbf+NWrEwbhO67ubc=",
      "dev": true,
      "requires": {
        "heya-ice": "0.1.11",
        "heya-unify": "0.2.5"
      }
    },
    "parser-toolkit": {
      "version": "0.0.5",
      "resolved": "https://registry.npmjs.org/parser-toolkit/-/parser-toolkit-0.0.5.tgz",
      "integrity": "sha1-7EthcpyGMYtW6pcb+6azxnLWLAE="
    }
  }
}
