{
  "name": "stream-json",
  "version": "1.5.0",
  "lockfileVersion": 1,
  "requires": true,
  "dependencies": {
    "heya-ice": {
      "version": "0.1.11",
      "resolved": "https://registry.npmjs.org/heya-ice/-/heya-ice-0.1.11.tgz",
      "integrity": "sha1-XW2lnGC1nHAjqDRw+26XcddwWEk=",
      "dev": true
    },
    "heya-unify": {
      "version": "0.2.7",
      "resolved": "https://registry.npmjs.org/heya-unify/-/heya-unify-0.2.7.tgz",
      "integrity": "sha512-d/4NacYl52tt4ofbP7gz+YmbjLrI2jkrRxSSd1a26yXfRS1vQxmZkZ6L+O1xUsgDSwx4HCDWR5U+ZFykdoHVig==",
      "dev": true,
      "requires": {
        "heya-ice": "^0.1.11"
      }
    },
    "heya-unit": {
      "version": "0.3.0",
      "resolved": "https://registry.npmjs.org/heya-unit/-/heya-unit-0.3.0.tgz",
      "integrity": "sha1-eXR4IIyBnUxbf+NWrEwbhO67ubc=",
      "dev": true,
      "requires": {
        "heya-ice": ">=0.1",
        "heya-unify": ">=0.2"
      }
    },
    "stream-chain": {
      "version": "2.2.1",
      "resolved": "https://registry.npmjs.org/stream-chain/-/stream-chain-2.2.1.tgz",
      "integrity": "sha512-LW24AKjJHBrihU8xGLPs/o7OSCNPzBpJ/5JtjMyt8/1WLzcSIRKRRvugeBQjTCFJMn0nFzvN0rd6oCSWguKmxw=="
    }
  }
}
